
Microsoft Visual Studio Solution File, Format Version 12.00
# Visual Studio Version 17
VisualStudioVersion = 17.0.31919.166
MinimumVisualStudioVersion = 10.0.40219.1
Project("{FAE04EC0-301F-11D3-BF4B-00C04F79EFBC}") = "DGD", "DGD\DGD.csproj", "{23B59B37-43E8-44EF-9D1C-8983270BBFFE}"
EndProject
Global
	GlobalSection(SolutionConfigurationPlatforms) = preSolution
		Debug|Any CPU = Debug|Any CPU
		Release|Any CPU = Release|Any CPU
	EndGlobalSection
	GlobalSection(ProjectConfigurationPlatforms) = postSolution
		{23B59B37-43E8-44EF-9D1C-8983270BBFFE}.Debug|Any CPU.ActiveCfg = Debug|Any CPU
		{23B59B37-43E8-44EF-9D1C-8983270BBFFE}.Debug|Any CPU.Build.0 = Debug|Any CPU
		{23B59B37-43E8-44EF-9D1C-8983270BBFFE}.Release|Any CPU.ActiveCfg = Release|Any CPU
		{23B59B37-43E8-44EF-9D1C-8983270BBFFE}.Release|Any CPU.Build.0 = Release|Any CPU
	EndGlobalSection
	GlobalSection(SolutionProperties) = preSolution
		HideSolutionNode = FALSE
	EndGlobalSection
	GlobalSection(ExtensibilityGlobals) = postSolution
		SolutionGuid = {1B556DEA-822B-4AA4-BB17-3239281B23FA}
	EndGlobalSection
EndGlobal
